// !$*UTF8*$!
{
	archiveVersion = 1;
	classes = {
	};
	objectVersion = 55;
	objects = {

/* Begin PBXBuildFile section */
		92406BFE275CA0F30050F5A8 /* DataFetch.swift in Sources */ = {isa = PBXBuildFile; fileRef = 92406BFD275CA0F20050F5A8 /* DataFetch.swift */; };
		924A80122745AEC100E6BF9C /* GoogleService-Info.plist in Resources */ = {isa = PBXBuildFile; fileRef = 924A80112745AEC100E6BF9C /* GoogleService-Info.plist */; };
		9261E6A32745B6AD0099BE59 /* SignInModel.swift in Sources */ = {isa = PBXBuildFile; fileRef = 9261E6A22745B6AD0099BE59 /* SignInModel.swift */; };
		9273F7BA2746A3820057D5EB /* HomeView.swift in Sources */ = {isa = PBXBuildFile; fileRef = 9273F7B92746A3820057D5EB /* HomeView.swift */; };
		9273F7BC274831600057D5EB /* AppView.swift in Sources */ = {isa = PBXBuildFile; fileRef = 9273F7BB274831600057D5EB /* AppView.swift */; };
		92FA5019274309A30065E51A /* FoodSubmissionView.swift in Sources */ = {isa = PBXBuildFile; fileRef = 92FA5018274309A30065E51A /* FoodSubmissionView.swift */; };
		C34106CD3BF8EA15A3CB4DFF /* Pods_FreeFood.framework in Frameworks */ = {isa = PBXBuildFile; fileRef = 2D1DC5A00A7D2847C824380D /* Pods_FreeFood.framework */; };
		CE3183332752F4F1008BBC6A /* LocationRequestView.swift in Sources */ = {isa = PBXBuildFile; fileRef = CE3183312752F4F1008BBC6A /* LocationRequestView.swift */; };
		CE3183342752F4F1008BBC6A /* LocationManager.swift in Sources */ = {isa = PBXBuildFile; fileRef = CE3183322752F4F1008BBC6A /* LocationManager.swift */; };
		CE5AFF8A2754224100DC5E65 /* FoodEventModel.swift in Sources */ = {isa = PBXBuildFile; fileRef = CE5AFF892754224000DC5E65 /* FoodEventModel.swift */; };
		CE5AFF8D2754226D00DC5E65 /* FoodEventViewModel.swift in Sources */ = {isa = PBXBuildFile; fileRef = CE5AFF8C2754226D00DC5E65 /* FoodEventViewModel.swift */; };
		CE5AFF8F2754234A00DC5E65 /* FoodFeedView.swift in Sources */ = {isa = PBXBuildFile; fileRef = CE5AFF8E2754234A00DC5E65 /* FoodFeedView.swift */; };
		CE5AFF912754237B00DC5E65 /* FoodFeedItemView.swift in Sources */ = {isa = PBXBuildFile; fileRef = CE5AFF902754237B00DC5E65 /* FoodFeedItemView.swift */; };
		CE5AFF932754315F00DC5E65 /* FoodEventView.swift in Sources */ = {isa = PBXBuildFile; fileRef = CE5AFF922754315F00DC5E65 /* FoodEventView.swift */; };
		CE69C44B2755C5AC005148BE /* SubmissionHistoryView.swift in Sources */ = {isa = PBXBuildFile; fileRef = CE69C44A2755C5AC005148BE /* SubmissionHistoryView.swift */; };
		CE69C4692756BB7D005148BE /* EditAccountView.swift in Sources */ = {isa = PBXBuildFile; fileRef = CE69C4682756BB7D005148BE /* EditAccountView.swift */; };
		CE69C46B2756BBA4005148BE /* AboutView.swift in Sources */ = {isa = PBXBuildFile; fileRef = CE69C46A2756BBA4005148BE /* AboutView.swift */; };
		CE69C46D2756ED76005148BE /* FoodMapView.swift in Sources */ = {isa = PBXBuildFile; fileRef = CE69C46C2756ED76005148BE /* FoodMapView.swift */; };
		CE69C46F2756F86A005148BE /* Landmark.swift in Sources */ = {isa = PBXBuildFile; fileRef = CE69C46E2756F86A005148BE /* Landmark.swift */; };
		CE69C4712756F8D8005148BE /* LandmarkAnnotation.swift in Sources */ = {isa = PBXBuildFile; fileRef = CE69C4702756F8D8005148BE /* LandmarkAnnotation.swift */; };
		CE69C473275707C1005148BE /* ListPlacesView.swift in Sources */ = {isa = PBXBuildFile; fileRef = CE69C472275707C1005148BE /* ListPlacesView.swift */; };
		CE69C48827581643005148BE /* LocationSearchView.swift in Sources */ = {isa = PBXBuildFile; fileRef = CE69C48727581643005148BE /* LocationSearchView.swift */; };
		CE823D212738AA1F0012427D /* FreeFoodApp.swift in Sources */ = {isa = PBXBuildFile; fileRef = CE823D202738AA1F0012427D /* FreeFoodApp.swift */; };
		CE823D232738AA1F0012427D /* ContentView.swift in Sources */ = {isa = PBXBuildFile; fileRef = CE823D222738AA1F0012427D /* ContentView.swift */; };
		CE823D252738AA240012427D /* Assets.xcassets in Resources */ = {isa = PBXBuildFile; fileRef = CE823D242738AA240012427D /* Assets.xcassets */; };
		CE823D282738AA240012427D /* Preview Assets.xcassets in Resources */ = {isa = PBXBuildFile; fileRef = CE823D272738AA240012427D /* Preview Assets.xcassets */; };
		CE823D342738AAA40012427D /* Model.swift in Sources */ = {isa = PBXBuildFile; fileRef = CE823D332738AAA40012427D /* Model.swift */; };
		CE823D382738B8D50012427D /* FindView.swift in Sources */ = {isa = PBXBuildFile; fileRef = CE823D372738B8D50012427D /* FindView.swift */; };
		CE823D3A2738B9170012427D /* AccountView.swift in Sources */ = {isa = PBXBuildFile; fileRef = CE823D392738B9170012427D /* AccountView.swift */; };
		CE823D3C2738B9390012427D /* LeaderboardView.swift in Sources */ = {isa = PBXBuildFile; fileRef = CE823D3B2738B9390012427D /* LeaderboardView.swift */; };
		CE823D40274F1A990012427D /* RegistrationView.swift in Sources */ = {isa = PBXBuildFile; fileRef = CE823D3F274F1A990012427D /* RegistrationView.swift */; };
/* End PBXBuildFile section */

/* Begin PBXFileReference section */
		2D1DC5A00A7D2847C824380D /* Pods_FreeFood.framework */ = {isa = PBXFileReference; explicitFileType = wrapper.framework; includeInIndex = 0; path = Pods_FreeFood.framework; sourceTree = BUILT_PRODUCTS_DIR; };
		92406BFD275CA0F20050F5A8 /* DataFetch.swift */ = {isa = PBXFileReference; lastKnownFileType = sourcecode.swift; path = DataFetch.swift; sourceTree = "<group>"; };
		924A80112745AEC100E6BF9C /* GoogleService-Info.plist */ = {isa = PBXFileReference; fileEncoding = 4; lastKnownFileType = text.plist.xml; path = "GoogleService-Info.plist"; sourceTree = "<group>"; };
		9261E6A22745B6AD0099BE59 /* SignInModel.swift */ = {isa = PBXFileReference; lastKnownFileType = sourcecode.swift; path = SignInModel.swift; sourceTree = "<group>"; };
		9273F7B92746A3820057D5EB /* HomeView.swift */ = {isa = PBXFileReference; lastKnownFileType = sourcecode.swift; path = HomeView.swift; sourceTree = "<group>"; xcLanguageSpecificationIdentifier = xcode.lang.swift; };
		9273F7BB274831600057D5EB /* AppView.swift */ = {isa = PBXFileReference; lastKnownFileType = sourcecode.swift; path = AppView.swift; sourceTree = "<group>"; };
		92FA5018274309A30065E51A /* FoodSubmissionView.swift */ = {isa = PBXFileReference; lastKnownFileType = sourcecode.swift; path = FoodSubmissionView.swift; sourceTree = "<group>"; };
		C542F32A5345FAE68BDA39A8 /* Pods-FreeFood.debug.xcconfig */ = {isa = PBXFileReference; includeInIndex = 1; lastKnownFileType = text.xcconfig; name = "Pods-FreeFood.debug.xcconfig"; path = "Target Support Files/Pods-FreeFood/Pods-FreeFood.debug.xcconfig"; sourceTree = "<group>"; };
		CE3183312752F4F1008BBC6A /* LocationRequestView.swift */ = {isa = PBXFileReference; fileEncoding = 4; lastKnownFileType = sourcecode.swift; path = LocationRequestView.swift; sourceTree = "<group>"; };
		CE3183322752F4F1008BBC6A /* LocationManager.swift */ = {isa = PBXFileReference; fileEncoding = 4; lastKnownFileType = sourcecode.swift; path = LocationManager.swift; sourceTree = "<group>"; };
		CE5AFF892754224000DC5E65 /* FoodEventModel.swift */ = {isa = PBXFileReference; lastKnownFileType = sourcecode.swift; path = FoodEventModel.swift; sourceTree = "<group>"; };
		CE5AFF8C2754226D00DC5E65 /* FoodEventViewModel.swift */ = {isa = PBXFileReference; lastKnownFileType = sourcecode.swift; path = FoodEventViewModel.swift; sourceTree = "<group>"; };
		CE5AFF8E2754234A00DC5E65 /* FoodFeedView.swift */ = {isa = PBXFileReference; lastKnownFileType = sourcecode.swift; path = FoodFeedView.swift; sourceTree = "<group>"; };
		CE5AFF902754237B00DC5E65 /* FoodFeedItemView.swift */ = {isa = PBXFileReference; lastKnownFileType = sourcecode.swift; path = FoodFeedItemView.swift; sourceTree = "<group>"; };
		CE5AFF922754315F00DC5E65 /* FoodEventView.swift */ = {isa = PBXFileReference; lastKnownFileType = sourcecode.swift; path = FoodEventView.swift; sourceTree = "<group>"; };
		CE69C44A2755C5AC005148BE /* SubmissionHistoryView.swift */ = {isa = PBXFileReference; lastKnownFileType = sourcecode.swift; path = SubmissionHistoryView.swift; sourceTree = "<group>"; };
		CE69C4682756BB7D005148BE /* EditAccountView.swift */ = {isa = PBXFileReference; lastKnownFileType = sourcecode.swift; path = EditAccountView.swift; sourceTree = "<group>"; };
		CE69C46A2756BBA4005148BE /* AboutView.swift */ = {isa = PBXFileReference; lastKnownFileType = sourcecode.swift; path = AboutView.swift; sourceTree = "<group>"; };
		CE69C46C2756ED76005148BE /* FoodMapView.swift */ = {isa = PBXFileReference; lastKnownFileType = sourcecode.swift; path = FoodMapView.swift; sourceTree = "<group>"; };
		CE69C46E2756F86A005148BE /* Landmark.swift */ = {isa = PBXFileReference; lastKnownFileType = sourcecode.swift; path = Landmark.swift; sourceTree = "<group>"; };
		CE69C4702756F8D8005148BE /* LandmarkAnnotation.swift */ = {isa = PBXFileReference; lastKnownFileType = sourcecode.swift; path = LandmarkAnnotation.swift; sourceTree = "<group>"; };
		CE69C472275707C1005148BE /* ListPlacesView.swift */ = {isa = PBXFileReference; lastKnownFileType = sourcecode.swift; path = ListPlacesView.swift; sourceTree = "<group>"; };
		CE69C48727581643005148BE /* LocationSearchView.swift */ = {isa = PBXFileReference; lastKnownFileType = sourcecode.swift; path = LocationSearchView.swift; sourceTree = "<group>"; };
		CE823D1D2738AA1F0012427D /* FreeFood.app */ = {isa = PBXFileReference; explicitFileType = wrapper.application; includeInIndex = 0; path = FreeFood.app; sourceTree = BUILT_PRODUCTS_DIR; };
		CE823D202738AA1F0012427D /* FreeFoodApp.swift */ = {isa = PBXFileReference; lastKnownFileType = sourcecode.swift; path = FreeFoodApp.swift; sourceTree = "<group>"; };
		CE823D222738AA1F0012427D /* ContentView.swift */ = {isa = PBXFileReference; lastKnownFileType = sourcecode.swift; path = ContentView.swift; sourceTree = "<group>"; };
		CE823D242738AA240012427D /* Assets.xcassets */ = {isa = PBXFileReference; lastKnownFileType = folder.assetcatalog; path = Assets.xcassets; sourceTree = "<group>"; };
		CE823D272738AA240012427D /* Preview Assets.xcassets */ = {isa = PBXFileReference; lastKnownFileType = folder.assetcatalog; path = "Preview Assets.xcassets"; sourceTree = "<group>"; };
		CE823D332738AAA40012427D /* Model.swift */ = {isa = PBXFileReference; lastKnownFileType = sourcecode.swift; path = Model.swift; sourceTree = "<group>"; };
		CE823D372738B8D50012427D /* FindView.swift */ = {isa = PBXFileReference; lastKnownFileType = sourcecode.swift; path = FindView.swift; sourceTree = "<group>"; };
		CE823D392738B9170012427D /* AccountView.swift */ = {isa = PBXFileReference; lastKnownFileType = sourcecode.swift; path = AccountView.swift; sourceTree = "<group>"; };
		CE823D3B2738B9390012427D /* LeaderboardView.swift */ = {isa = PBXFileReference; lastKnownFileType = sourcecode.swift; path = LeaderboardView.swift; sourceTree = "<group>"; };
		CE823D3F274F1A990012427D /* RegistrationView.swift */ = {isa = PBXFileReference; lastKnownFileType = sourcecode.swift; path = RegistrationView.swift; sourceTree = "<group>"; };
		F6BA47438F43A76245B339B0 /* Pods-FreeFood.release.xcconfig */ = {isa = PBXFileReference; includeInIndex = 1; lastKnownFileType = text.xcconfig; name = "Pods-FreeFood.release.xcconfig"; path = "Target Support Files/Pods-FreeFood/Pods-FreeFood.release.xcconfig"; sourceTree = "<group>"; };
/* End PBXFileReference section */

/* Begin PBXFrameworksBuildPhase section */
		CE823D1A2738AA1F0012427D /* Frameworks */ = {
			isa = PBXFrameworksBuildPhase;
			buildActionMask = 2147483647;
			files = (
				C34106CD3BF8EA15A3CB4DFF /* Pods_FreeFood.framework in Frameworks */,
			);
			runOnlyForDeploymentPostprocessing = 0;
		};
/* End PBXFrameworksBuildPhase section */

/* Begin PBXGroup section */
		704D59D547FDFC273DBADE88 /* Frameworks */ = {
			isa = PBXGroup;
			children = (
				2D1DC5A00A7D2847C824380D /* Pods_FreeFood.framework */,
			);
			name = Frameworks;
			sourceTree = "<group>";
		};
		CE5AFF8727541F6100DC5E65 /* Models */ = {
			isa = PBXGroup;
			children = (
				CE3183322752F4F1008BBC6A /* LocationManager.swift */,
				CE823D332738AAA40012427D /* Model.swift */,
				9261E6A22745B6AD0099BE59 /* SignInModel.swift */,
				CE5AFF892754224000DC5E65 /* FoodEventModel.swift */,
				CE69C46E2756F86A005148BE /* Landmark.swift */,
				CE69C4702756F8D8005148BE /* LandmarkAnnotation.swift */,
				92406BFD275CA0F20050F5A8 /* DataFetch.swift */,
			);
			path = Models;
			sourceTree = "<group>";
		};
		CE5AFF8827541F8200DC5E65 /* Views */ = {
			isa = PBXGroup;
			children = (
				CE823D222738AA1F0012427D /* ContentView.swift */,
				9273F7B92746A3820057D5EB /* HomeView.swift */,
				CE823D3F274F1A990012427D /* RegistrationView.swift */,
				9273F7BB274831600057D5EB /* AppView.swift */,
				CE3183312752F4F1008BBC6A /* LocationRequestView.swift */,
				CE69C48027581354005148BE /* Tabs */,
				CE69C4842758146F005148BE /* Find */,
				CE69C48527581538005148BE /* Leaderboard */,
				CE69C48327581401005148BE /* Account */,
			);
			path = Views;
			sourceTree = "<group>";
		};
		CE5AFF8B2754225700DC5E65 /* ViewModels */ = {
			isa = PBXGroup;
			children = (
				CE5AFF8C2754226D00DC5E65 /* FoodEventViewModel.swift */,
			);
			path = ViewModels;
			sourceTree = "<group>";
		};
		CE69C48027581354005148BE /* Tabs */ = {
			isa = PBXGroup;
			children = (
				CE823D392738B9170012427D /* AccountView.swift */,
				CE823D372738B8D50012427D /* FindView.swift */,
				CE823D3B2738B9390012427D /* LeaderboardView.swift */,
			);
			path = Tabs;
			sourceTree = "<group>";
		};
		CE69C48327581401005148BE /* Account */ = {
			isa = PBXGroup;
			children = (
				CE69C44A2755C5AC005148BE /* SubmissionHistoryView.swift */,
				CE69C4682756BB7D005148BE /* EditAccountView.swift */,
				CE69C46A2756BBA4005148BE /* AboutView.swift */,
			);
			path = Account;
			sourceTree = "<group>";
		};
		CE69C4842758146F005148BE /* Find */ = {
			isa = PBXGroup;
			children = (
				CE69C48B2758180C005148BE /* Food Map */,
				CE69C48A27581791005148BE /* Submit Eat */,
				CE69C4892758176D005148BE /* Feed */,
			);
			path = Find;
			sourceTree = "<group>";
		};
		CE69C48527581538005148BE /* Leaderboard */ = {
			isa = PBXGroup;
			children = (
			);
			path = Leaderboard;
			sourceTree = "<group>";
		};
		CE69C4892758176D005148BE /* Feed */ = {
			isa = PBXGroup;
			children = (
				CE5AFF8E2754234A00DC5E65 /* FoodFeedView.swift */,
				CE5AFF902754237B00DC5E65 /* FoodFeedItemView.swift */,
				CE5AFF922754315F00DC5E65 /* FoodEventView.swift */,
			);
			path = Feed;
			sourceTree = "<group>";
		};
		CE69C48A27581791005148BE /* Submit Eat */ = {
			isa = PBXGroup;
			children = (
				92FA5018274309A30065E51A /* FoodSubmissionView.swift */,
				CE69C48727581643005148BE /* LocationSearchView.swift */,
			);
			path = "Submit Eat";
			sourceTree = "<group>";
		};
		CE69C48B2758180C005148BE /* Food Map */ = {
			isa = PBXGroup;
			children = (
				CE69C46C2756ED76005148BE /* FoodMapView.swift */,
				CE69C472275707C1005148BE /* ListPlacesView.swift */,
			);
			path = "Food Map";
			sourceTree = "<group>";
		};
		CE823D142738AA1F0012427D = {
			isa = PBXGroup;
			children = (
				CE823D1F2738AA1F0012427D /* FreeFood */,
				CE823D1E2738AA1F0012427D /* Products */,
				CF0C106E4634CF3FDF158380 /* Pods */,
				704D59D547FDFC273DBADE88 /* Frameworks */,
			);
			sourceTree = "<group>";
		};
		CE823D1E2738AA1F0012427D /* Products */ = {
			isa = PBXGroup;
			children = (
				CE823D1D2738AA1F0012427D /* FreeFood.app */,
			);
			name = Products;
			sourceTree = "<group>";
		};
		CE823D1F2738AA1F0012427D /* FreeFood */ = {
			isa = PBXGroup;
			children = (
				CE5AFF8B2754225700DC5E65 /* ViewModels */,
				CE5AFF8827541F8200DC5E65 /* Views */,
				CE5AFF8727541F6100DC5E65 /* Models */,
				924A80112745AEC100E6BF9C /* GoogleService-Info.plist */,
				CE823D202738AA1F0012427D /* FreeFoodApp.swift */,
				CE823D242738AA240012427D /* Assets.xcassets */,
				CE823D262738AA240012427D /* Preview Content */,
			);
			path = FreeFood;
			sourceTree = "<group>";
		};
		CE823D262738AA240012427D /* Preview Content */ = {
			isa = PBXGroup;
			children = (
				CE823D272738AA240012427D /* Preview Assets.xcassets */,
			);
			path = "Preview Content";
			sourceTree = "<group>";
		};
		CF0C106E4634CF3FDF158380 /* Pods */ = {
			isa = PBXGroup;
			children = (
				C542F32A5345FAE68BDA39A8 /* Pods-FreeFood.debug.xcconfig */,
				F6BA47438F43A76245B339B0 /* Pods-FreeFood.release.xcconfig */,
			);
			path = Pods;
			sourceTree = "<group>";
		};
/* End PBXGroup section */

/* Begin PBXNativeTarget section */
		CE823D1C2738AA1F0012427D /* FreeFood */ = {
			isa = PBXNativeTarget;
			buildConfigurationList = CE823D302738AA240012427D /* Build configuration list for PBXNativeTarget "FreeFood" */;
			buildPhases = (
				3C457519B93A466EC47B706F /* [CP] Check Pods Manifest.lock */,
				CE823D192738AA1F0012427D /* Sources */,
				CE823D1A2738AA1F0012427D /* Frameworks */,
				CE823D1B2738AA1F0012427D /* Resources */,
				89DEE475E5C6629C8F1204F9 /* [CP] Embed Pods Frameworks */,
			);
			buildRules = (
			);
			dependencies = (
			);
			name = FreeFood;
			productName = FreeFood;
			productReference = CE823D1D2738AA1F0012427D /* FreeFood.app */;
			productType = "com.apple.product-type.application";
		};
/* End PBXNativeTarget section */

/* Begin PBXProject section */
		CE823D152738AA1F0012427D /* Project object */ = {
			isa = PBXProject;
			attributes = {
				BuildIndependentTargetsInParallel = 1;
				LastSwiftUpdateCheck = 1310;
				LastUpgradeCheck = 1310;
				TargetAttributes = {
					CE823D1C2738AA1F0012427D = {
						CreatedOnToolsVersion = 13.1;
					};
				};
			};
			buildConfigurationList = CE823D182738AA1F0012427D /* Build configuration list for PBXProject "FreeFood" */;
			compatibilityVersion = "Xcode 13.0";
			developmentRegion = en;
			hasScannedForEncodings = 0;
			knownRegions = (
				en,
				Base,
			);
			mainGroup = CE823D142738AA1F0012427D;
			productRefGroup = CE823D1E2738AA1F0012427D /* Products */;
			projectDirPath = "";
			projectRoot = "";
			targets = (
				CE823D1C2738AA1F0012427D /* FreeFood */,
			);
		};
/* End PBXProject section */

/* Begin PBXResourcesBuildPhase section */
		CE823D1B2738AA1F0012427D /* Resources */ = {
			isa = PBXResourcesBuildPhase;
			buildActionMask = 2147483647;
			files = (
				CE823D282738AA240012427D /* Preview Assets.xcassets in Resources */,
				CE823D252738AA240012427D /* Assets.xcassets in Resources */,
				924A80122745AEC100E6BF9C /* GoogleService-Info.plist in Resources */,
			);
			runOnlyForDeploymentPostprocessing = 0;
		};
/* End PBXResourcesBuildPhase section */

/* Begin PBXShellScriptBuildPhase section */
		3C457519B93A466EC47B706F /* [CP] Check Pods Manifest.lock */ = {
			isa = PBXShellScriptBuildPhase;
			buildActionMask = 2147483647;
			files = (
			);
			inputFileListPaths = (
			);
			inputPaths = (
				"${PODS_PODFILE_DIR_PATH}/Podfile.lock",
				"${PODS_ROOT}/Manifest.lock",
			);
			name = "[CP] Check Pods Manifest.lock";
			outputFileListPaths = (
			);
			outputPaths = (
				"$(DERIVED_FILE_DIR)/Pods-FreeFood-checkManifestLockResult.txt",
			);
			runOnlyForDeploymentPostprocessing = 0;
			shellPath = /bin/sh;
			shellScript = "diff \"${PODS_PODFILE_DIR_PATH}/Podfile.lock\" \"${PODS_ROOT}/Manifest.lock\" > /dev/null\nif [ $? != 0 ] ; then\n    # print error to STDERR\n    echo \"error: The sandbox is not in sync with the Podfile.lock. Run 'pod install' or update your CocoaPods installation.\" >&2\n    exit 1\nfi\n# This output is used by Xcode 'outputs' to avoid re-running this script phase.\necho \"SUCCESS\" > \"${SCRIPT_OUTPUT_FILE_0}\"\n";
			showEnvVarsInLog = 0;
		};
		89DEE475E5C6629C8F1204F9 /* [CP] Embed Pods Frameworks */ = {
			isa = PBXShellScriptBuildPhase;
			buildActionMask = 2147483647;
			files = (
			);
			inputFileListPaths = (
				"${PODS_ROOT}/Target Support Files/Pods-FreeFood/Pods-FreeFood-frameworks-${CONFIGURATION}-input-files.xcfilelist",
			);
			name = "[CP] Embed Pods Frameworks";
			outputFileListPaths = (
				"${PODS_ROOT}/Target Support Files/Pods-FreeFood/Pods-FreeFood-frameworks-${CONFIGURATION}-output-files.xcfilelist",
			);
			runOnlyForDeploymentPostprocessing = 0;
			shellPath = /bin/sh;
			shellScript = "\"${PODS_ROOT}/Target Support Files/Pods-FreeFood/Pods-FreeFood-frameworks.sh\"\n";
			showEnvVarsInLog = 0;
		};
/* End PBXShellScriptBuildPhase section */

/* Begin PBXSourcesBuildPhase section */
		CE823D192738AA1F0012427D /* Sources */ = {
			isa = PBXSourcesBuildPhase;
			buildActionMask = 2147483647;
			files = (
				CE69C473275707C1005148BE /* ListPlacesView.swift in Sources */,
				9261E6A32745B6AD0099BE59 /* SignInModel.swift in Sources */,
				CE823D342738AAA40012427D /* Model.swift in Sources */,
				CE69C46B2756BBA4005148BE /* AboutView.swift in Sources */,
				CE823D232738AA1F0012427D /* ContentView.swift in Sources */,
				CE823D40274F1A990012427D /* RegistrationView.swift in Sources */,
				CE3183332752F4F1008BBC6A /* LocationRequestView.swift in Sources */,
				92406BFE275CA0F30050F5A8 /* DataFetch.swift in Sources */,
				CE823D382738B8D50012427D /* FindView.swift in Sources */,
				CE69C46D2756ED76005148BE /* FoodMapView.swift in Sources */,
				9273F7BC274831600057D5EB /* AppView.swift in Sources */,
				CE823D3C2738B9390012427D /* LeaderboardView.swift in Sources */,
				CE823D3A2738B9170012427D /* AccountView.swift in Sources */,
				CE69C46F2756F86A005148BE /* Landmark.swift in Sources */,
				CE69C4712756F8D8005148BE /* LandmarkAnnotation.swift in Sources */,
				CE5AFF8D2754226D00DC5E65 /* FoodEventViewModel.swift in Sources */,
				CE5AFF8F2754234A00DC5E65 /* FoodFeedView.swift in Sources */,
				CE5AFF8A2754224100DC5E65 /* FoodEventModel.swift in Sources */,
				CE69C4692756BB7D005148BE /* EditAccountView.swift in Sources */,
				92FA5019274309A30065E51A /* FoodSubmissionView.swift in Sources */,
				CE3183342752F4F1008BBC6A /* LocationManager.swift in Sources */,
				CE823D212738AA1F0012427D /* FreeFoodApp.swift in Sources */,
				9273F7BA2746A3820057D5EB /* HomeView.swift in Sources */,
				CE5AFF932754315F00DC5E65 /* FoodEventView.swift in Sources */,
				CE69C48827581643005148BE /* LocationSearchView.swift in Sources */,
				CE5AFF912754237B00DC5E65 /* FoodFeedItemView.swift in Sources */,
				CE69C44B2755C5AC005148BE /* SubmissionHistoryView.swift in Sources */,
			);
			runOnlyForDeploymentPostprocessing = 0;
		};
/* End PBXSourcesBuildPhase section */

/* Begin XCBuildConfiguration section */
		CE823D2E2738AA240012427D /* Debug */ = {
			isa = XCBuildConfiguration;
			buildSettings = {
				ALWAYS_SEARCH_USER_PATHS = NO;
				CLANG_ANALYZER_NONNULL = YES;
				CLANG_ANALYZER_NUMBER_OBJECT_CONVERSION = YES_AGGRESSIVE;
				CLANG_CXX_LANGUAGE_STANDARD = "gnu++17";
				CLANG_CXX_LIBRARY = "libc++";
				CLANG_ENABLE_MODULES = YES;
				CLANG_ENABLE_OBJC_ARC = YES;
				CLANG_ENABLE_OBJC_WEAK = YES;
				CLANG_WARN_BLOCK_CAPTURE_AUTORELEASING = YES;
				CLANG_WARN_BOOL_CONVERSION = YES;
				CLANG_WARN_COMMA = YES;
				CLANG_WARN_CONSTANT_CONVERSION = YES;
				CLANG_WARN_DEPRECATED_OBJC_IMPLEMENTATIONS = YES;
				CLANG_WARN_DIRECT_OBJC_ISA_USAGE = YES_ERROR;
				CLANG_WARN_DOCUMENTATION_COMMENTS = YES;
				CLANG_WARN_EMPTY_BODY = YES;
				CLANG_WARN_ENUM_CONVERSION = YES;
				CLANG_WARN_INFINITE_RECURSION = YES;
				CLANG_WARN_INT_CONVERSION = YES;
				CLANG_WARN_NON_LITERAL_NULL_CONVERSION = YES;
				CLANG_WARN_OBJC_IMPLICIT_RETAIN_SELF = YES;
				CLANG_WARN_OBJC_LITERAL_CONVERSION = YES;
				CLANG_WARN_OBJC_ROOT_CLASS = YES_ERROR;
				CLANG_WARN_QUOTED_INCLUDE_IN_FRAMEWORK_HEADER = YES;
				CLANG_WARN_RANGE_LOOP_ANALYSIS = YES;
				CLANG_WARN_STRICT_PROTOTYPES = YES;
				CLANG_WARN_SUSPICIOUS_MOVE = YES;
				CLANG_WARN_UNGUARDED_AVAILABILITY = YES_AGGRESSIVE;
				CLANG_WARN_UNREACHABLE_CODE = YES;
				CLANG_WARN__DUPLICATE_METHOD_MATCH = YES;
				COPY_PHASE_STRIP = NO;
				DEBUG_INFORMATION_FORMAT = dwarf;
				ENABLE_STRICT_OBJC_MSGSEND = YES;
				ENABLE_TESTABILITY = YES;
				GCC_C_LANGUAGE_STANDARD = gnu11;
				GCC_DYNAMIC_NO_PIC = NO;
				GCC_NO_COMMON_BLOCKS = YES;
				GCC_OPTIMIZATION_LEVEL = 0;
				GCC_PREPROCESSOR_DEFINITIONS = (
					"DEBUG=1",
					"$(inherited)",
				);
				GCC_WARN_64_TO_32_BIT_CONVERSION = YES;
				GCC_WARN_ABOUT_RETURN_TYPE = YES_ERROR;
				GCC_WARN_UNDECLARED_SELECTOR = YES;
				GCC_WARN_UNINITIALIZED_AUTOS = YES_AGGRESSIVE;
				GCC_WARN_UNUSED_FUNCTION = YES;
				GCC_WARN_UNUSED_VARIABLE = YES;
				IPHONEOS_DEPLOYMENT_TARGET = 15.0;
				MTL_ENABLE_DEBUG_INFO = INCLUDE_SOURCE;
				MTL_FAST_MATH = YES;
				ONLY_ACTIVE_ARCH = YES;
				SDKROOT = iphoneos;
				SWIFT_ACTIVE_COMPILATION_CONDITIONS = DEBUG;
				SWIFT_OPTIMIZATION_LEVEL = "-Onone";
			};
			name = Debug;
		};
		CE823D2F2738AA240012427D /* Release */ = {
			isa = XCBuildConfiguration;
			buildSettings = {
				ALWAYS_SEARCH_USER_PATHS = NO;
				CLANG_ANALYZER_NONNULL = YES;
				CLANG_ANALYZER_NUMBER_OBJECT_CONVERSION = YES_AGGRESSIVE;
				CLANG_CXX_LANGUAGE_STANDARD = "gnu++17";
				CLANG_CXX_LIBRARY = "libc++";
				CLANG_ENABLE_MODULES = YES;
				CLANG_ENABLE_OBJC_ARC = YES;
				CLANG_ENABLE_OBJC_WEAK = YES;
				CLANG_WARN_BLOCK_CAPTURE_AUTORELEASING = YES;
				CLANG_WARN_BOOL_CONVERSION = YES;
				CLANG_WARN_COMMA = YES;
				CLANG_WARN_CONSTANT_CONVERSION = YES;
				CLANG_WARN_DEPRECATED_OBJC_IMPLEMENTATIONS = YES;
				CLANG_WARN_DIRECT_OBJC_ISA_USAGE = YES_ERROR;
				CLANG_WARN_DOCUMENTATION_COMMENTS = YES;
				CLANG_WARN_EMPTY_BODY = YES;
				CLANG_WARN_ENUM_CONVERSION = YES;
				CLANG_WARN_INFINITE_RECURSION = YES;
				CLANG_WARN_INT_CONVERSION = YES;
				CLANG_WARN_NON_LITERAL_NULL_CONVERSION = YES;
				CLANG_WARN_OBJC_IMPLICIT_RETAIN_SELF = YES;
				CLANG_WARN_OBJC_LITERAL_CONVERSION = YES;
				CLANG_WARN_OBJC_ROOT_CLASS = YES_ERROR;
				CLANG_WARN_QUOTED_INCLUDE_IN_FRAMEWORK_HEADER = YES;
				CLANG_WARN_RANGE_LOOP_ANALYSIS = YES;
				CLANG_WARN_STRICT_PROTOTYPES = YES;
				CLANG_WARN_SUSPICIOUS_MOVE = YES;
				CLANG_WARN_UNGUARDED_AVAILABILITY = YES_AGGRESSIVE;
				CLANG_WARN_UNREACHABLE_CODE = YES;
				CLANG_WARN__DUPLICATE_METHOD_MATCH = YES;
				COPY_PHASE_STRIP = NO;
				DEBUG_INFORMATION_FORMAT = "dwarf-with-dsym";
				ENABLE_NS_ASSERTIONS = NO;
				ENABLE_STRICT_OBJC_MSGSEND = YES;
				GCC_C_LANGUAGE_STANDARD = gnu11;
				GCC_NO_COMMON_BLOCKS = YES;
				GCC_WARN_64_TO_32_BIT_CONVERSION = YES;
				GCC_WARN_ABOUT_RETURN_TYPE = YES_ERROR;
				GCC_WARN_UNDECLARED_SELECTOR = YES;
				GCC_WARN_UNINITIALIZED_AUTOS = YES_AGGRESSIVE;
				GCC_WARN_UNUSED_FUNCTION = YES;
				GCC_WARN_UNUSED_VARIABLE = YES;
				IPHONEOS_DEPLOYMENT_TARGET = 15.0;
				MTL_ENABLE_DEBUG_INFO = NO;
				MTL_FAST_MATH = YES;
				SDKROOT = iphoneos;
				SWIFT_COMPILATION_MODE = wholemodule;
				SWIFT_OPTIMIZATION_LEVEL = "-O";
				VALIDATE_PRODUCT = YES;
			};
			name = Release;
		};
		CE823D312738AA240012427D /* Debug */ = {
			isa = XCBuildConfiguration;
			baseConfigurationReference = C542F32A5345FAE68BDA39A8 /* Pods-FreeFood.debug.xcconfig */;
			buildSettings = {
				ASSETCATALOG_COMPILER_APPICON_NAME = AppIcon;
				ASSETCATALOG_COMPILER_GLOBAL_ACCENT_COLOR_NAME = AccentColor;
				ASSETCATALOG_COMPILER_INCLUDE_ALL_APPICON_ASSETS = NO;
				CODE_SIGN_STYLE = Automatic;
				CURRENT_PROJECT_VERSION = 1;
				DEVELOPMENT_ASSET_PATHS = "\"FreeFood/Preview Content\"";
				DEVELOPMENT_TEAM = 277X82NGVD;
				ENABLE_PREVIEWS = YES;
				GENERATE_INFOPLIST_FILE = YES;
				INFOPLIST_FILE = FreeFood/Info.plist;
				INFOPLIST_KEY_CFBundleDisplayName = "Free Eats";
				INFOPLIST_KEY_NSLocationWhenInUseUsageDescription = "Please allow FreeFoods to use your location";
				INFOPLIST_KEY_UIApplicationSceneManifest_Generation = YES;
				INFOPLIST_KEY_UIApplicationSupportsIndirectInputEvents = YES;
				INFOPLIST_KEY_UILaunchScreen_Generation = YES;
				INFOPLIST_KEY_UISupportedInterfaceOrientations = UIInterfaceOrientationPortrait;
				INFOPLIST_KEY_UISupportedInterfaceOrientations_iPad = "UIInterfaceOrientationPortrait UIInterfaceOrientationPortraitUpsideDown UIInterfaceOrientationLandscapeLeft UIInterfaceOrientationLandscapeRight";
				INFOPLIST_KEY_UISupportedInterfaceOrientations_iPhone = "UIInterfaceOrientationPortrait UIInterfaceOrientationLandscapeLeft UIInterfaceOrientationLandscapeRight";
				LD_RUNPATH_SEARCH_PATHS = (
					"$(inherited)",
					"@executable_path/Frameworks",
				);
				MARKETING_VERSION = 1.0;
				PRODUCT_BUNDLE_IDENTIFIER = com.FreeFood;
				PRODUCT_NAME = "$(TARGET_NAME)";
				SWIFT_EMIT_LOC_STRINGS = YES;
				SWIFT_VERSION = 5.0;
				TARGETED_DEVICE_FAMILY = 1;
			};
			name = Debug;
		};
		CE823D322738AA240012427D /* Release */ = {
			isa = XCBuildConfiguration;
			baseConfigurationReference = F6BA47438F43A76245B339B0 /* Pods-FreeFood.release.xcconfig */;
			buildSettings = {
				ASSETCATALOG_COMPILER_APPICON_NAME = AppIcon;
				ASSETCATALOG_COMPILER_GLOBAL_ACCENT_COLOR_NAME = AccentColor;
				ASSETCATALOG_COMPILER_INCLUDE_ALL_APPICON_ASSETS = NO;
				CODE_SIGN_STYLE = Automatic;
				CURRENT_PROJECT_VERSION = 1;
				DEVELOPMENT_ASSET_PATHS = "\"FreeFood/Preview Content\"";
				DEVELOPMENT_TEAM = 277X82NGVD;
				ENABLE_PREVIEWS = YES;
				GENERATE_INFOPLIST_FILE = YES;
				INFOPLIST_FILE = FreeFood/Info.plist;
				INFOPLIST_KEY_CFBundleDisplayName = "Free Eats";
				INFOPLIST_KEY_NSLocationWhenInUseUsageDescription = "Please allow FreeFoods to use your location";
				INFOPLIST_KEY_UIApplicationSceneManifest_Generation = YES;
				INFOPLIST_KEY_UIApplicationSupportsIndirectInputEvents = YES;
				INFOPLIST_KEY_UILaunchScreen_Generation = YES;
				INFOPLIST_KEY_UISupportedInterfaceOrientations = UIInterfaceOrientationPortrait;
				INFOPLIST_KEY_UISupportedInterfaceOrientations_iPad = "UIInterfaceOrientationPortrait UIInterfaceOrientationPortraitUpsideDown UIInterfaceOrientationLandscapeLeft UIInterfaceOrientationLandscapeRight";
				INFOPLIST_KEY_UISupportedInterfaceOrientations_iPhone = "UIInterfaceOrientationPortrait UIInterfaceOrientationLandscapeLeft UIInterfaceOrientationLandscapeRight";
				LD_RUNPATH_SEARCH_PATHS = (
					"$(inherited)",
					"@executable_path/Frameworks",
				);
				MARKETING_VERSION = 1.0;
				PRODUCT_BUNDLE_IDENTIFIER = com.FreeFood;
				PRODUCT_NAME = "$(TARGET_NAME)";
				SWIFT_EMIT_LOC_STRINGS = YES;
				SWIFT_VERSION = 5.0;
				TARGETED_DEVICE_FAMILY = 1;
			};
			name = Release;
		};
/* End XCBuildConfiguration section */

/* Begin XCConfigurationList section */
		CE823D182738AA1F0012427D /* Build configuration list for PBXProject "FreeFood" */ = {
			isa = XCConfigurationList;
			buildConfigurations = (
				CE823D2E2738AA240012427D /* Debug */,
				CE823D2F2738AA240012427D /* Release */,
			);
			defaultConfigurationIsVisible = 0;
			defaultConfigurationName = Release;
		};
		CE823D302738AA240012427D /* Build configuration list for PBXNativeTarget "FreeFood" */ = {
			isa = XCConfigurationList;
			buildConfigurations = (
				CE823D312738AA240012427D /* Debug */,
				CE823D322738AA240012427D /* Release */,
			);
			defaultConfigurationIsVisible = 0;
			defaultConfigurationName = Release;
		};
/* End XCConfigurationList section */
	};
	rootObject = CE823D152738AA1F0012427D /* Project object */;
}
